// !$*UTF8*$!
{
	archiveVersion = 1;
	classes = {
	};
	objectVersion = 56;
	objects = {

/* Begin PBXBuildFile section */
		94A051AA2BFD532E0052B54E /* SwiftUI_first_28App.swift in Sources */ = {isa = PBXBuildFile; fileRef = 94A051A92BFD532E0052B54E /* SwiftUI_first_28App.swift */; };
		94A051AC2BFD532E0052B54E /* ContentView.swift in Sources */ = {isa = PBXBuildFile; fileRef = 94A051AB2BFD532E0052B54E /* ContentView.swift */; };
		94A051AE2BFD53300052B54E /* Assets.xcassets in Resources */ = {isa = PBXBuildFile; fileRef = 94A051AD2BFD53300052B54E /* Assets.xcassets */; };
		94A051B12BFD53300052B54E /* Preview Assets.xcassets in Resources */ = {isa = PBXBuildFile; fileRef = 94A051B02BFD53300052B54E /* Preview Assets.xcassets */; };
		94A051B92BFEB3D80052B54E /* MusicView.swift in Sources */ = {isa = PBXBuildFile; fileRef = 94A051B82BFEB3D80052B54E /* MusicView.swift */; };
		94A051BB2BFEB70A0052B54E /* ChatView.swift in Sources */ = {isa = PBXBuildFile; fileRef = 94A051BA2BFEB70A0052B54E /* ChatView.swift */; };
		94A051BD2BFEB7AF0052B54E /* NewsView.swift in Sources */ = {isa = PBXBuildFile; fileRef = 94A051BC2BFEB7AF0052B54E /* NewsView.swift */; };
		94A051BF2BFEB8540052B54E /* RowView.swift in Sources */ = {isa = PBXBuildFile; fileRef = 94A051BE2BFEB8540052B54E /* RowView.swift */; };
		94A051C12BFEB8C40052B54E /* RefreshButton.swift in Sources */ = {isa = PBXBuildFile; fileRef = 94A051C02BFEB8C40052B54E /* RefreshButton.swift */; };
/* End PBXBuildFile section */

/* Begin PBXFileReference section */
		94A051A62BFD532E0052B54E /* SwiftUI-first-28.app */ = {isa = PBXFileReference; explicitFileType = wrapper.application; includeInIndex = 0; path = "SwiftUI-first-28.app"; sourceTree = BUILT_PRODUCTS_DIR; };
		94A051A92BFD532E0052B54E /* SwiftUI_first_28App.swift */ = {isa = PBXFileReference; lastKnownFileType = sourcecode.swift; path = SwiftUI_first_28App.swift; sourceTree = "<group>"; };
		94A051AB2BFD532E0052B54E /* ContentView.swift */ = {isa = PBXFileReference; lastKnownFileType = sourcecode.swift; path = ContentView.swift; sourceTree = "<group>"; };
		94A051AD2BFD53300052B54E /* Assets.xcassets */ = {isa = PBXFileReference; lastKnownFileType = folder.assetcatalog; path = Assets.xcassets; sourceTree = "<group>"; };
		94A051B02BFD53300052B54E /* Preview Assets.xcassets */ = {isa = PBXFileReference; lastKnownFileType = folder.assetcatalog; path = "Preview Assets.xcassets"; sourceTree = "<group>"; };
		94A051B82BFEB3D80052B54E /* MusicView.swift */ = {isa = PBXFileReference; lastKnownFileType = sourcecode.swift; path = MusicView.swift; sourceTree = "<group>"; };
		94A051BA2BFEB70A0052B54E /* ChatView.swift */ = {isa = PBXFileReference; lastKnownFileType = sourcecode.swift; path = ChatView.swift; sourceTree = "<group>"; };
		94A051BC2BFEB7AF0052B54E /* NewsView.swift */ = {isa = PBXFileReference; lastKnownFileType = sourcecode.swift; path = NewsView.swift; sourceTree = "<group>"; };
		94A051BE2BFEB8540052B54E /* RowView.swift */ = {isa = PBXFileReference; lastKnownFileType = sourcecode.swift; path = RowView.swift; sourceTree = "<group>"; };
		94A051C02BFEB8C40052B54E /* RefreshButton.swift */ = {isa = PBXFileReference; lastKnownFileType = sourcecode.swift; path = RefreshButton.swift; sourceTree = "<group>"; };
/* End PBXFileReference section */

/* Begin PBXFrameworksBuildPhase section */
		94A051A32BFD532E0052B54E /* Frameworks */ = {
			isa = PBXFrameworksBuildPhase;
			buildActionMask = 2147483647;
			files = (
			);
			runOnlyForDeploymentPostprocessing = 0;
		};
/* End PBXFrameworksBuildPhase section */

/* Begin PBXGroup section */
		94A0519D2BFD532E0052B54E = {
			isa = PBXGroup;
			children = (
				94A051A82BFD532E0052B54E /* SwiftUI-first-28 */,
				94A051A72BFD532E0052B54E /* Products */,
			);
			sourceTree = "<group>";
		};
		94A051A72BFD532E0052B54E /* Products */ = {
			isa = PBXGroup;
			children = (
				94A051A62BFD532E0052B54E /* SwiftUI-first-28.app */,
			);
			name = Products;
			sourceTree = "<group>";
		};
		94A051A82BFD532E0052B54E /* SwiftUI-first-28 */ = {
			isa = PBXGroup;
			children = (
				94A051C62BFED2AE0052B54E /* App */,
				94A051C22BFED0B90052B54E /* ReusableViews */,
				94A051C32BFED1830052B54E /* Scenes */,
				94A051C52BFED2920052B54E /* Resources */,
				94A051AF2BFD53300052B54E /* Preview Content */,
			);
			path = "SwiftUI-first-28";
			sourceTree = "<group>";
		};
		94A051AF2BFD53300052B54E /* Preview Content */ = {
			isa = PBXGroup;
			children = (
				94A051B02BFD53300052B54E /* Preview Assets.xcassets */,
			);
			path = "Preview Content";
			sourceTree = "<group>";
		};
		94A051C22BFED0B90052B54E /* ReusableViews */ = {
			isa = PBXGroup;
			children = (
				94A051B82BFEB3D80052B54E /* MusicView.swift */,
				94A051BA2BFEB70A0052B54E /* ChatView.swift */,
				94A051BC2BFEB7AF0052B54E /* NewsView.swift */,
				94A051C02BFEB8C40052B54E /* RefreshButton.swift */,
			);
			path = ReusableViews;
			sourceTree = "<group>";
		};
		94A051C32BFED1830052B54E /* Scenes */ = {
			isa = PBXGroup;
			children = (
				94A051C42BFED1AC0052B54E /* ConfigureListRow */,
				94A051AB2BFD532E0052B54E /* ContentView.swift */,
			);
			path = Scenes;
			sourceTree = "<group>";
		};
		94A051C42BFED1AC0052B54E /* ConfigureListRow */ = {
			isa = PBXGroup;
			children = (
				94A051BE2BFEB8540052B54E /* RowView.swift */,
			);
			path = ConfigureListRow;
			sourceTree = "<group>";
		};
		94A051C52BFED2920052B54E /* Resources */ = {
			isa = PBXGroup;
			children = (
				94A051AD2BFD53300052B54E /* Assets.xcassets */,
			);
			path = Resources;
			sourceTree = "<group>";
		};
		94A051C62BFED2AE0052B54E /* App */ = {
			isa = PBXGroup;
			children = (
				94A051A92BFD532E0052B54E /* SwiftUI_first_28App.swift */,
			);
			path = App;
			sourceTree = "<group>";
		};
/* End PBXGroup section */

/* Begin PBXNativeTarget section */
		94A051A52BFD532E0052B54E /* SwiftUI-first-28 */ = {
			isa = PBXNativeTarget;
			buildConfigurationList = 94A051B42BFD53300052B54E /* Build configuration list for PBXNativeTarget "SwiftUI-first-28" */;
			buildPhases = (
				94A051A22BFD532E0052B54E /* Sources */,
				94A051A32BFD532E0052B54E /* Frameworks */,
				94A051A42BFD532E0052B54E /* Resources */,
			);
			buildRules = (
			);
			dependencies = (
			);
			name = "SwiftUI-first-28";
			productName = "SwiftUI-first-28";
			productReference = 94A051A62BFD532E0052B54E /* SwiftUI-first-28.app */;
			productType = "com.apple.product-type.application";
		};
/* End PBXNativeTarget section */

/* Begin PBXProject section */
		94A0519E2BFD532E0052B54E /* Project object */ = {
			isa = PBXProject;
			attributes = {
				BuildIndependentTargetsInParallel = 1;
				LastSwiftUpdateCheck = 1530;
				LastUpgradeCheck = 1530;
				TargetAttributes = {
					94A051A52BFD532E0052B54E = {
						CreatedOnToolsVersion = 15.3;
					};
				};
			};
			buildConfigurationList = 94A051A12BFD532E0052B54E /* Build configuration list for PBXProject "SwiftUI-first-28" */;
			compatibilityVersion = "Xcode 14.0";
			developmentRegion = en;
			hasScannedForEncodings = 0;
			knownRegions = (
				en,
				Base,
			);
			mainGroup = 94A0519D2BFD532E0052B54E;
			productRefGroup = 94A051A72BFD532E0052B54E /* Products */;
			projectDirPath = "";
			projectRoot = "";
			targets = (
				94A051A52BFD532E0052B54E /* SwiftUI-first-28 */,
			);
		};
/* End PBXProject section */

/* Begin PBXResourcesBuildPhase section */
		94A051A42BFD532E0052B54E /* Resources */ = {
			isa = PBXResourcesBuildPhase;
			buildActionMask = 2147483647;
			files = (
				94A051B12BFD53300052B54E /* Preview Assets.xcassets in Resources */,
				94A051AE2BFD53300052B54E /* Assets.xcassets in Resources */,
			);
			runOnlyForDeploymentPostprocessing = 0;
		};
/* End PBXResourcesBuildPhase section */

/* Begin PBXSourcesBuildPhase section */
		94A051A22BFD532E0052B54E /* Sources */ = {
			isa = PBXSourcesBuildPhase;
			buildActionMask = 2147483647;
			files = (
				94A051BB2BFEB70A0052B54E /* ChatView.swift in Sources */,
				94A051C12BFEB8C40052B54E /* RefreshButton.swift in Sources */,
				94A051BF2BFEB8540052B54E /* RowView.swift in Sources */,
				94A051AC2BFD532E0052B54E /* ContentView.swift in Sources */,
				94A051AA2BFD532E0052B54E /* SwiftUI_first_28App.swift in Sources */,
				94A051BD2BFEB7AF0052B54E /* NewsView.swift in Sources */,
				94A051B92BFEB3D80052B54E /* MusicView.swift in Sources */,
			);
			runOnlyForDeploymentPostprocessing = 0;
		};
/* End PBXSourcesBuildPhase section */

/* Begin XCBuildConfiguration section */
		94A051B22BFD53300052B54E /* Debug */ = {
			isa = XCBuildConfiguration;
			buildSettings = {
				ALWAYS_SEARCH_USER_PATHS = NO;
				ASSETCATALOG_COMPILER_GENERATE_SWIFT_ASSET_SYMBOL_EXTENSIONS = YES;
				CLANG_ANALYZER_NONNULL = YES;
				CLANG_ANALYZER_NUMBER_OBJECT_CONVERSION = YES_AGGRESSIVE;
				CLANG_CXX_LANGUAGE_STANDARD = "gnu++20";
				CLANG_ENABLE_MODULES = YES;
				CLANG_ENABLE_OBJC_ARC = YES;
				CLANG_ENABLE_OBJC_WEAK = YES;
				CLANG_WARN_BLOCK_CAPTURE_AUTORELEASING = YES;
				CLANG_WARN_BOOL_CONVERSION = YES;
				CLANG_WARN_COMMA = YES;
				CLANG_WARN_CONSTANT_CONVERSION = YES;
				CLANG_WARN_DEPRECATED_OBJC_IMPLEMENTATIONS = YES;
				CLANG_WARN_DIRECT_OBJC_ISA_USAGE = YES_ERROR;
				CLANG_WARN_DOCUMENTATION_COMMENTS = YES;
				CLANG_WARN_EMPTY_BODY = YES;
				CLANG_WARN_ENUM_CONVERSION = YES;
				CLANG_WARN_INFINITE_RECURSION = YES;
				CLANG_WARN_INT_CONVERSION = YES;
				CLANG_WARN_NON_LITERAL_NULL_CONVERSION = YES;
				CLANG_WARN_OBJC_IMPLICIT_RETAIN_SELF = YES;
				CLANG_WARN_OBJC_LITERAL_CONVERSION = YES;
				CLANG_WARN_OBJC_ROOT_CLASS = YES_ERROR;
				CLANG_WARN_QUOTED_INCLUDE_IN_FRAMEWORK_HEADER = YES;
				CLANG_WARN_RANGE_LOOP_ANALYSIS = YES;
				CLANG_WARN_STRICT_PROTOTYPES = YES;
				CLANG_WARN_SUSPICIOUS_MOVE = YES;
				CLANG_WARN_UNGUARDED_AVAILABILITY = YES_AGGRESSIVE;
				CLANG_WARN_UNREACHABLE_CODE = YES;
				CLANG_WARN__DUPLICATE_METHOD_MATCH = YES;
				COPY_PHASE_STRIP = NO;
				DEBUG_INFORMATION_FORMAT = dwarf;
				ENABLE_STRICT_OBJC_MSGSEND = YES;
				ENABLE_TESTABILITY = YES;
				ENABLE_USER_SCRIPT_SANDBOXING = YES;
				GCC_C_LANGUAGE_STANDARD = gnu17;
				GCC_DYNAMIC_NO_PIC = NO;
				GCC_NO_COMMON_BLOCKS = YES;
				GCC_OPTIMIZATION_LEVEL = 0;
				GCC_PREPROCESSOR_DEFINITIONS = (
					"DEBUG=1",
					"$(inherited)",
				);
				GCC_WARN_64_TO_32_BIT_CONVERSION = YES;
				GCC_WARN_ABOUT_RETURN_TYPE = YES_ERROR;
				GCC_WARN_UNDECLARED_SELECTOR = YES;
				GCC_WARN_UNINITIALIZED_AUTOS = YES_AGGRESSIVE;
				GCC_WARN_UNUSED_FUNCTION = YES;
				GCC_WARN_UNUSED_VARIABLE = YES;
				IPHONEOS_DEPLOYMENT_TARGET = 17.4;
				LOCALIZATION_PREFERS_STRING_CATALOGS = YES;
				MTL_ENABLE_DEBUG_INFO = INCLUDE_SOURCE;
				MTL_FAST_MATH = YES;
				ONLY_ACTIVE_ARCH = YES;
				SDKROOT = iphoneos;
				SWIFT_ACTIVE_COMPILATION_CONDITIONS = "DEBUG $(inherited)";
				SWIFT_OPTIMIZATION_LEVEL = "-Onone";
			};
			name = Debug;
		};
		94A051B32BFD53300052B54E /* Release */ = {
			isa = XCBuildConfiguration;
			buildSettings = {
				ALWAYS_SEARCH_USER_PATHS = NO;
				ASSETCATALOG_COMPILER_GENERATE_SWIFT_ASSET_SYMBOL_EXTENSIONS = YES;
				CLANG_ANALYZER_NONNULL = YES;
				CLANG_ANALYZER_NUMBER_OBJECT_CONVERSION = YES_AGGRESSIVE;
				CLANG_CXX_LANGUAGE_STANDARD = "gnu++20";
				CLANG_ENABLE_MODULES = YES;
				CLANG_ENABLE_OBJC_ARC = YES;
				CLANG_ENABLE_OBJC_WEAK = YES;
				CLANG_WARN_BLOCK_CAPTURE_AUTORELEASING = YES;
				CLANG_WARN_BOOL_CONVERSION = YES;
				CLANG_WARN_COMMA = YES;
				CLANG_WARN_CONSTANT_CONVERSION = YES;
				CLANG_WARN_DEPRECATED_OBJC_IMPLEMENTATIONS = YES;
				CLANG_WARN_DIRECT_OBJC_ISA_USAGE = YES_ERROR;
				CLANG_WARN_DOCUMENTATION_COMMENTS = YES;
				CLANG_WARN_EMPTY_BODY = YES;
				CLANG_WARN_ENUM_CONVERSION = YES;
				CLANG_WARN_INFINITE_RECURSION = YES;
				CLANG_WARN_INT_CONVERSION = YES;
				CLANG_WARN_NON_LITERAL_NULL_CONVERSION = YES;
				CLANG_WARN_OBJC_IMPLICIT_RETAIN_SELF = YES;
				CLANG_WARN_OBJC_LITERAL_CONVERSION = YES;
				CLANG_WARN_OBJC_ROOT_CLASS = YES_ERROR;
				CLANG_WARN_QUOTED_INCLUDE_IN_FRAMEWORK_HEADER = YES;
				CLANG_WARN_RANGE_LOOP_ANALYSIS = YES;
				CLANG_WARN_STRICT_PROTOTYPES = YES;
				CLANG_WARN_SUSPICIOUS_MOVE = YES;
				CLANG_WARN_UNGUARDED_AVAILABILITY = YES_AGGRESSIVE;
				CLANG_WARN_UNREACHABLE_CODE = YES;
				CLANG_WARN__DUPLICATE_METHOD_MATCH = YES;
				COPY_PHASE_STRIP = NO;
				DEBUG_INFORMATION_FORMAT = "dwarf-with-dsym";
				ENABLE_NS_ASSERTIONS = NO;
				ENABLE_STRICT_OBJC_MSGSEND = YES;
				ENABLE_USER_SCRIPT_SANDBOXING = YES;
				GCC_C_LANGUAGE_STANDARD = gnu17;
				GCC_NO_COMMON_BLOCKS = YES;
				GCC_WARN_64_TO_32_BIT_CONVERSION = YES;
				GCC_WARN_ABOUT_RETURN_TYPE = YES_ERROR;
				GCC_WARN_UNDECLARED_SELECTOR = YES;
				GCC_WARN_UNINITIALIZED_AUTOS = YES_AGGRESSIVE;
				GCC_WARN_UNUSED_FUNCTION = YES;
				GCC_WARN_UNUSED_VARIABLE = YES;
				IPHONEOS_DEPLOYMENT_TARGET = 17.4;
				LOCALIZATION_PREFERS_STRING_CATALOGS = YES;
				MTL_ENABLE_DEBUG_INFO = NO;
				MTL_FAST_MATH = YES;
				SDKROOT = iphoneos;
				SWIFT_COMPILATION_MODE = wholemodule;
				VALIDATE_PRODUCT = YES;
			};
			name = Release;
		};
		94A051B52BFD53300052B54E /* Debug */ = {
			isa = XCBuildConfiguration;
			buildSettings = {
				ASSETCATALOG_COMPILER_APPICON_NAME = AppIcon;
				ASSETCATALOG_COMPILER_GLOBAL_ACCENT_COLOR_NAME = AccentColor;
				CODE_SIGN_STYLE = Automatic;
				CURRENT_PROJECT_VERSION = 1;
				DEVELOPMENT_ASSET_PATHS = "\"SwiftUI-first-28/Preview Content\"";
				DEVELOPMENT_TEAM = F9KH9L6Y7G;
				ENABLE_PREVIEWS = YES;
				GENERATE_INFOPLIST_FILE = YES;
				INFOPLIST_KEY_UIApplicationSceneManifest_Generation = YES;
				INFOPLIST_KEY_UIApplicationSupportsIndirectInputEvents = YES;
				INFOPLIST_KEY_UILaunchScreen_Generation = YES;
				INFOPLIST_KEY_UISupportedInterfaceOrientations_iPad = "UIInterfaceOrientationPortrait UIInterfaceOrientationPortraitUpsideDown UIInterfaceOrientationLandscapeLeft UIInterfaceOrientationLandscapeRight";
				INFOPLIST_KEY_UISupportedInterfaceOrientations_iPhone = "UIInterfaceOrientationPortrait UIInterfaceOrientationLandscapeLeft UIInterfaceOrientationLandscapeRight";
				LD_RUNPATH_SEARCH_PATHS = (
					"$(inherited)",
					"@executable_path/Frameworks",
				);
				MARKETING_VERSION = 1.0;
				PRODUCT_BUNDLE_IDENTIFIER = "ge.gvantsa.SwiftUI-first-28";
				PRODUCT_NAME = "$(TARGET_NAME)";
				SWIFT_EMIT_LOC_STRINGS = YES;
				SWIFT_VERSION = 5.0;
				TARGETED_DEVICE_FAMILY = "1,2";
			};
			name = Debug;
		};
		94A051B62BFD53300052B54E /* Release */ = {
			isa = XCBuildConfiguration;
			buildSettings = {
				ASSETCATALOG_COMPILER_APPICON_NAME = AppIcon;
				ASSETCATALOG_COMPILER_GLOBAL_ACCENT_COLOR_NAME = AccentColor;
				CODE_SIGN_STYLE = Automatic;
				CURRENT_PROJECT_VERSION = 1;
				DEVELOPMENT_ASSET_PATHS = "\"SwiftUI-first-28/Preview Content\"";
				DEVELOPMENT_TEAM = F9KH9L6Y7G;
				ENABLE_PREVIEWS = YES;
				GENERATE_INFOPLIST_FILE = YES;
				INFOPLIST_KEY_UIApplicationSceneManifest_Generation = YES;
				INFOPLIST_KEY_UIApplicationSupportsIndirectInputEvents = YES;
				INFOPLIST_KEY_UILaunchScreen_Generation = YES;
				INFOPLIST_KEY_UISupportedInterfaceOrientations_iPad = "UIInterfaceOrientationPortrait UIInterfaceOrientationPortraitUpsideDown UIInterfaceOrientationLandscapeLeft UIInterfaceOrientationLandscapeRight";
				INFOPLIST_KEY_UISupportedInterfaceOrientations_iPhone = "UIInterfaceOrientationPortrait UIInterfaceOrientationLandscapeLeft UIInterfaceOrientationLandscapeRight";
				LD_RUNPATH_SEARCH_PATHS = (
					"$(inherited)",
					"@executable_path/Frameworks",
				);
				MARKETING_VERSION = 1.0;
				PRODUCT_BUNDLE_IDENTIFIER = "ge.gvantsa.SwiftUI-first-28";
				PRODUCT_NAME = "$(TARGET_NAME)";
				SWIFT_EMIT_LOC_STRINGS = YES;
				SWIFT_VERSION = 5.0;
				TARGETED_DEVICE_FAMILY = "1,2";
			};
			name = Release;
		};
/* End XCBuildConfiguration section */

/* Begin XCConfigurationList section */
		94A051A12BFD532E0052B54E /* Build configuration list for PBXProject "SwiftUI-first-28" */ = {
			isa = XCConfigurationList;
			buildConfigurations = (
				94A051B22BFD53300052B54E /* Debug */,
				94A051B32BFD53300052B54E /* Release */,
			);
			defaultConfigurationIsVisible = 0;
			defaultConfigurationName = Release;
		};
		94A051B42BFD53300052B54E /* Build configuration list for PBXNativeTarget "SwiftUI-first-28" */ = {
			isa = XCConfigurationList;
			buildConfigurations = (
				94A051B52BFD53300052B54E /* Debug */,
				94A051B62BFD53300052B54E /* Release */,
			);
			defaultConfigurationIsVisible = 0;
			defaultConfigurationName = Release;
		};
/* End XCConfigurationList section */
	};
	rootObject = 94A0519E2BFD532E0052B54E /* Project object */;
}
